// !$*UTF8*$!
{
	archiveVersion = 1;
	classes = {
	};
	objectVersion = 56;
	objects = {

/* Begin PBXBuildFile section */
		342359272D5147B1007A8424 /* Notifications.swift in Sources */ = {isa = PBXBuildFile; fileRef = 342359262D5147B1007A8424 /* Notifications.swift */; };
		342359292D5149AD007A8424 /* sound.wav in Resources */ = {isa = PBXBuildFile; fileRef = 342359282D5149AD007A8424 /* sound.wav */; };
		346A7D3F2D4D069B00FA0948 /* SleepyBellApp.swift in Sources */ = {isa = PBXBuildFile; fileRef = 346A7D3E2D4D069B00FA0948 /* SleepyBellApp.swift */; };
		346A7D412D4D069B00FA0948 /* ContentView.swift in Sources */ = {isa = PBXBuildFile; fileRef = 346A7D402D4D069B00FA0948 /* ContentView.swift */; };
		346A7D432D4D069E00FA0948 /* Assets.xcassets in Resources */ = {isa = PBXBuildFile; fileRef = 346A7D422D4D069E00FA0948 /* Assets.xcassets */; };
		346A7D462D4D069E00FA0948 /* Preview Assets.xcassets in Resources */ = {isa = PBXBuildFile; fileRef = 346A7D452D4D069E00FA0948 /* Preview Assets.xcassets */; };
		34A5DCA32D4E8EC000882C90 /* Settings.swift in Sources */ = {isa = PBXBuildFile; fileRef = 34A5DCA22D4E8EC000882C90 /* Settings.swift */; };
		34A5DCAD2D4E9E5B00882C90 /* SwiftUIIntrospect in Frameworks */ = {isa = PBXBuildFile; productRef = 34A5DCAC2D4E9E5B00882C90 /* SwiftUIIntrospect */; settings = {ATTRIBUTES = (Required, ); }; };
		34A5DCAF2D4EA3D500882C90 /* SwiftUIIntrospect in Frameworks */ = {isa = PBXBuildFile; productRef = 34A5DCAE2D4EA3D500882C90 /* SwiftUIIntrospect */; };
		34A919C42D4D1D5F000E13F3 /* DayNight.swift in Sources */ = {isa = PBXBuildFile; fileRef = 34A919C32D4D1D5F000E13F3 /* DayNight.swift */; };
		34A919C62D4D1DC7000E13F3 /* Form.swift in Sources */ = {isa = PBXBuildFile; fileRef = 34A919C52D4D1DC7000E13F3 /* Form.swift */; };
		34AD846D2D4FED8F0081B262 /* Database.xcdatamodeld in Sources */ = {isa = PBXBuildFile; fileRef = 34AD846B2D4FED8F0081B262 /* Database.xcdatamodeld */; };
		34AD846F2D4FEECC0081B262 /* Data.swift in Sources */ = {isa = PBXBuildFile; fileRef = 34AD846E2D4FEECC0081B262 /* Data.swift */; };
/* End PBXBuildFile section */

/* Begin PBXFileReference section */
		342359262D5147B1007A8424 /* Notifications.swift */ = {isa = PBXFileReference; lastKnownFileType = sourcecode.swift; path = Notifications.swift; sourceTree = "<group>"; };
		342359282D5149AD007A8424 /* sound.wav */ = {isa = PBXFileReference; lastKnownFileType = audio.wav; name = sound.wav; path = ../../../sound.wav; sourceTree = "<group>"; };
		346A7D3B2D4D069B00FA0948 /* SleepyBell.app */ = {isa = PBXFileReference; explicitFileType = wrapper.application; includeInIndex = 0; path = SleepyBell.app; sourceTree = BUILT_PRODUCTS_DIR; };
		346A7D3E2D4D069B00FA0948 /* SleepyBellApp.swift */ = {isa = PBXFileReference; lastKnownFileType = sourcecode.swift; path = SleepyBellApp.swift; sourceTree = "<group>"; };
		346A7D402D4D069B00FA0948 /* ContentView.swift */ = {isa = PBXFileReference; lastKnownFileType = sourcecode.swift; path = ContentView.swift; sourceTree = "<group>"; };
		346A7D422D4D069E00FA0948 /* Assets.xcassets */ = {isa = PBXFileReference; lastKnownFileType = folder.assetcatalog; path = Assets.xcassets; sourceTree = "<group>"; };
		346A7D452D4D069E00FA0948 /* Preview Assets.xcassets */ = {isa = PBXFileReference; lastKnownFileType = folder.assetcatalog; path = "Preview Assets.xcassets"; sourceTree = "<group>"; };
		34A5DCA22D4E8EC000882C90 /* Settings.swift */ = {isa = PBXFileReference; lastKnownFileType = sourcecode.swift; path = Settings.swift; sourceTree = "<group>"; };
		34A614AF2D5282E8007F6718 /* Info.plist */ = {isa = PBXFileReference; lastKnownFileType = text.plist; path = Info.plist; sourceTree = "<group>"; };
		34A919C32D4D1D5F000E13F3 /* DayNight.swift */ = {isa = PBXFileReference; lastKnownFileType = sourcecode.swift; path = DayNight.swift; sourceTree = "<group>"; };
		34A919C52D4D1DC7000E13F3 /* Form.swift */ = {isa = PBXFileReference; lastKnownFileType = sourcecode.swift; path = Form.swift; sourceTree = "<group>"; };
		34AD846C2D4FED8F0081B262 /* Database.xcdatamodel */ = {isa = PBXFileReference; lastKnownFileType = wrapper.xcdatamodel; path = Database.xcdatamodel; sourceTree = "<group>"; };
		34AD846E2D4FEECC0081B262 /* Data.swift */ = {isa = PBXFileReference; lastKnownFileType = sourcecode.swift; path = Data.swift; sourceTree = "<group>"; };
/* End PBXFileReference section */

/* Begin PBXFrameworksBuildPhase section */
		346A7D382D4D069A00FA0948 /* Frameworks */ = {
			isa = PBXFrameworksBuildPhase;
			buildActionMask = 2147483647;
			files = (
				34A5DCAD2D4E9E5B00882C90 /* SwiftUIIntrospect in Frameworks */,
				34A5DCAF2D4EA3D500882C90 /* SwiftUIIntrospect in Frameworks */,
			);
			runOnlyForDeploymentPostprocessing = 0;
		};
/* End PBXFrameworksBuildPhase section */

/* Begin PBXGroup section */
		346A7D322D4D069A00FA0948 = {
			isa = PBXGroup;
			children = (
				346A7D3D2D4D069B00FA0948 /* SleepyBell */,
				346A7D3C2D4D069B00FA0948 /* Products */,
			);
			sourceTree = "<group>";
		};
		346A7D3C2D4D069B00FA0948 /* Products */ = {
			isa = PBXGroup;
			children = (
				346A7D3B2D4D069B00FA0948 /* SleepyBell.app */,
			);
			name = Products;
			sourceTree = "<group>";
		};
		346A7D3D2D4D069B00FA0948 /* SleepyBell */ = {
			isa = PBXGroup;
			children = (
				34A614AF2D5282E8007F6718 /* Info.plist */,
				342359282D5149AD007A8424 /* sound.wav */,
				34A5DCA22D4E8EC000882C90 /* Settings.swift */,
				346A7D3E2D4D069B00FA0948 /* SleepyBellApp.swift */,
				346A7D402D4D069B00FA0948 /* ContentView.swift */,
				346A7D422D4D069E00FA0948 /* Assets.xcassets */,
				346A7D442D4D069E00FA0948 /* Preview Content */,
				34A919C32D4D1D5F000E13F3 /* DayNight.swift */,
				34A919C52D4D1DC7000E13F3 /* Form.swift */,
				34AD846B2D4FED8F0081B262 /* Database.xcdatamodeld */,
				34AD846E2D4FEECC0081B262 /* Data.swift */,
				342359262D5147B1007A8424 /* Notifications.swift */,
			);
			path = SleepyBell;
			sourceTree = "<group>";
		};
		346A7D442D4D069E00FA0948 /* Preview Content */ = {
			isa = PBXGroup;
			children = (
				346A7D452D4D069E00FA0948 /* Preview Assets.xcassets */,
			);
			path = "Preview Content";
			sourceTree = "<group>";
		};
/* End PBXGroup section */

/* Begin PBXNativeTarget section */
		346A7D3A2D4D069A00FA0948 /* SleepyBell */ = {
			isa = PBXNativeTarget;
			buildConfigurationList = 346A7D492D4D069E00FA0948 /* Build configuration list for PBXNativeTarget "SleepyBell" */;
			buildPhases = (
				346A7D372D4D069A00FA0948 /* Sources */,
				346A7D382D4D069A00FA0948 /* Frameworks */,
				346A7D392D4D069A00FA0948 /* Resources */,
			);
			buildRules = (
			);
			dependencies = (
			);
			name = SleepyBell;
			packageProductDependencies = (
				34A5DCAC2D4E9E5B00882C90 /* SwiftUIIntrospect */,
				34A5DCAE2D4EA3D500882C90 /* SwiftUIIntrospect */,
			);
			productName = SleepyBell;
			productReference = 346A7D3B2D4D069B00FA0948 /* SleepyBell.app */;
			productType = "com.apple.product-type.application";
		};
/* End PBXNativeTarget section */

/* Begin PBXProject section */
		346A7D332D4D069A00FA0948 /* Project object */ = {
			isa = PBXProject;
			attributes = {
				BuildIndependentTargetsInParallel = 1;
				LastSwiftUpdateCheck = 1520;
				LastUpgradeCheck = 1520;
				TargetAttributes = {
					346A7D3A2D4D069A00FA0948 = {
						CreatedOnToolsVersion = 15.2;
					};
				};
			};
			buildConfigurationList = 346A7D362D4D069A00FA0948 /* Build configuration list for PBXProject "SleepyBell" */;
			compatibilityVersion = "Xcode 14.0";
			developmentRegion = en;
			hasScannedForEncodings = 0;
			knownRegions = (
				en,
				Base,
			);
			mainGroup = 346A7D322D4D069A00FA0948;
			packageReferences = (
				34A5DCAB2D4E9E5B00882C90 /* XCRemoteSwiftPackageReference "SwiftUI-Introspect" */,
			);
			productRefGroup = 346A7D3C2D4D069B00FA0948 /* Products */;
			projectDirPath = "";
			projectRoot = "";
			targets = (
				346A7D3A2D4D069A00FA0948 /* SleepyBell */,
			);
		};
/* End PBXProject section */

/* Begin PBXResourcesBuildPhase section */
		346A7D392D4D069A00FA0948 /* Resources */ = {
			isa = PBXResourcesBuildPhase;
			buildActionMask = 2147483647;
			files = (
				346A7D462D4D069E00FA0948 /* Preview Assets.xcassets in Resources */,
				342359292D5149AD007A8424 /* sound.wav in Resources */,
				346A7D432D4D069E00FA0948 /* Assets.xcassets in Resources */,
			);
			runOnlyForDeploymentPostprocessing = 0;
		};
/* End PBXResourcesBuildPhase section */

/* Begin PBXSourcesBuildPhase section */
		346A7D372D4D069A00FA0948 /* Sources */ = {
			isa = PBXSourcesBuildPhase;
			buildActionMask = 2147483647;
			files = (
				342359272D5147B1007A8424 /* Notifications.swift in Sources */,
				34AD846D2D4FED8F0081B262 /* Database.xcdatamodeld in Sources */,
				34A5DCA32D4E8EC000882C90 /* Settings.swift in Sources */,
				346A7D412D4D069B00FA0948 /* ContentView.swift in Sources */,
				34A919C62D4D1DC7000E13F3 /* Form.swift in Sources */,
				34A919C42D4D1D5F000E13F3 /* DayNight.swift in Sources */,
				346A7D3F2D4D069B00FA0948 /* SleepyBellApp.swift in Sources */,
				34AD846F2D4FEECC0081B262 /* Data.swift in Sources */,
			);
			runOnlyForDeploymentPostprocessing = 0;
		};
/* End PBXSourcesBuildPhase section */

/* Begin XCBuildConfiguration section */
		346A7D472D4D069E00FA0948 /* Debug */ = {
			isa = XCBuildConfiguration;
			buildSettings = {
				ALWAYS_SEARCH_USER_PATHS = NO;
				ASSETCATALOG_COMPILER_GENERATE_SWIFT_ASSET_SYMBOL_EXTENSIONS = YES;
				CLANG_ANALYZER_NONNULL = YES;
				CLANG_ANALYZER_NUMBER_OBJECT_CONVERSION = YES_AGGRESSIVE;
				CLANG_CXX_LANGUAGE_STANDARD = "gnu++20";
				CLANG_ENABLE_MODULES = YES;
				CLANG_ENABLE_OBJC_ARC = YES;
				CLANG_ENABLE_OBJC_WEAK = YES;
				CLANG_WARN_BLOCK_CAPTURE_AUTORELEASING = YES;
				CLANG_WARN_BOOL_CONVERSION = YES;
				CLANG_WARN_COMMA = YES;
				CLANG_WARN_CONSTANT_CONVERSION = YES;
				CLANG_WARN_DEPRECATED_OBJC_IMPLEMENTATIONS = YES;
				CLANG_WARN_DIRECT_OBJC_ISA_USAGE = YES_ERROR;
				CLANG_WARN_DOCUMENTATION_COMMENTS = YES;
				CLANG_WARN_EMPTY_BODY = YES;
				CLANG_WARN_ENUM_CONVERSION = YES;
				CLANG_WARN_INFINITE_RECURSION = YES;
				CLANG_WARN_INT_CONVERSION = YES;
				CLANG_WARN_NON_LITERAL_NULL_CONVERSION = YES;
				CLANG_WARN_OBJC_IMPLICIT_RETAIN_SELF = YES;
				CLANG_WARN_OBJC_LITERAL_CONVERSION = YES;
				CLANG_WARN_OBJC_ROOT_CLASS = YES_ERROR;
				CLANG_WARN_QUOTED_INCLUDE_IN_FRAMEWORK_HEADER = YES;
				CLANG_WARN_RANGE_LOOP_ANALYSIS = YES;
				CLANG_WARN_STRICT_PROTOTYPES = YES;
				CLANG_WARN_SUSPICIOUS_MOVE = YES;
				CLANG_WARN_UNGUARDED_AVAILABILITY = YES_AGGRESSIVE;
				CLANG_WARN_UNREACHABLE_CODE = YES;
				CLANG_WARN__DUPLICATE_METHOD_MATCH = YES;
				COPY_PHASE_STRIP = NO;
				DEBUG_INFORMATION_FORMAT = dwarf;
				ENABLE_STRICT_OBJC_MSGSEND = YES;
				ENABLE_TESTABILITY = YES;
				ENABLE_USER_SCRIPT_SANDBOXING = YES;
				GCC_C_LANGUAGE_STANDARD = gnu17;
				GCC_DYNAMIC_NO_PIC = NO;
				GCC_NO_COMMON_BLOCKS = YES;
				GCC_OPTIMIZATION_LEVEL = 0;
				GCC_PREPROCESSOR_DEFINITIONS = (
					"DEBUG=1",
					"$(inherited)",
				);
				GCC_WARN_64_TO_32_BIT_CONVERSION = YES;
				GCC_WARN_ABOUT_RETURN_TYPE = YES_ERROR;
				GCC_WARN_UNDECLARED_SELECTOR = YES;
				GCC_WARN_UNINITIALIZED_AUTOS = YES_AGGRESSIVE;
				GCC_WARN_UNUSED_FUNCTION = YES;
				GCC_WARN_UNUSED_VARIABLE = YES;
				IPHONEOS_DEPLOYMENT_TARGET = 17.2;
				LOCALIZATION_PREFERS_STRING_CATALOGS = YES;
				MTL_ENABLE_DEBUG_INFO = INCLUDE_SOURCE;
				MTL_FAST_MATH = YES;
				ONLY_ACTIVE_ARCH = YES;
				SDKROOT = iphoneos;
				SWIFT_ACTIVE_COMPILATION_CONDITIONS = "DEBUG $(inherited)";
				SWIFT_OPTIMIZATION_LEVEL = "-Onone";
			};
			name = Debug;
		};
		346A7D482D4D069E00FA0948 /* Release */ = {
			isa = XCBuildConfiguration;
			buildSettings = {
				ALWAYS_SEARCH_USER_PATHS = NO;
				ASSETCATALOG_COMPILER_GENERATE_SWIFT_ASSET_SYMBOL_EXTENSIONS = YES;
				CLANG_ANALYZER_NONNULL = YES;
				CLANG_ANALYZER_NUMBER_OBJECT_CONVERSION = YES_AGGRESSIVE;
				CLANG_CXX_LANGUAGE_STANDARD = "gnu++20";
				CLANG_ENABLE_MODULES = YES;
				CLANG_ENABLE_OBJC_ARC = YES;
				CLANG_ENABLE_OBJC_WEAK = YES;
				CLANG_WARN_BLOCK_CAPTURE_AUTORELEASING = YES;
				CLANG_WARN_BOOL_CONVERSION = YES;
				CLANG_WARN_COMMA = YES;
				CLANG_WARN_CONSTANT_CONVERSION = YES;
				CLANG_WARN_DEPRECATED_OBJC_IMPLEMENTATIONS = YES;
				CLANG_WARN_DIRECT_OBJC_ISA_USAGE = YES_ERROR;
				CLANG_WARN_DOCUMENTATION_COMMENTS = YES;
				CLANG_WARN_EMPTY_BODY = YES;
				CLANG_WARN_ENUM_CONVERSION = YES;
				CLANG_WARN_INFINITE_RECURSION = YES;
				CLANG_WARN_INT_CONVERSION = YES;
				CLANG_WARN_NON_LITERAL_NULL_CONVERSION = YES;
				CLANG_WARN_OBJC_IMPLICIT_RETAIN_SELF = YES;
				CLANG_WARN_OBJC_LITERAL_CONVERSION = YES;
				CLANG_WARN_OBJC_ROOT_CLASS = YES_ERROR;
				CLANG_WARN_QUOTED_INCLUDE_IN_FRAMEWORK_HEADER = YES;
				CLANG_WARN_RANGE_LOOP_ANALYSIS = YES;
				CLANG_WARN_STRICT_PROTOTYPES = YES;
				CLANG_WARN_SUSPICIOUS_MOVE = YES;
				CLANG_WARN_UNGUARDED_AVAILABILITY = YES_AGGRESSIVE;
				CLANG_WARN_UNREACHABLE_CODE = YES;
				CLANG_WARN__DUPLICATE_METHOD_MATCH = YES;
				COPY_PHASE_STRIP = NO;
				DEBUG_INFORMATION_FORMAT = "dwarf-with-dsym";
				ENABLE_NS_ASSERTIONS = NO;
				ENABLE_STRICT_OBJC_MSGSEND = YES;
				ENABLE_USER_SCRIPT_SANDBOXING = YES;
				GCC_C_LANGUAGE_STANDARD = gnu17;
				GCC_NO_COMMON_BLOCKS = YES;
				GCC_WARN_64_TO_32_BIT_CONVERSION = YES;
				GCC_WARN_ABOUT_RETURN_TYPE = YES_ERROR;
				GCC_WARN_UNDECLARED_SELECTOR = YES;
				GCC_WARN_UNINITIALIZED_AUTOS = YES_AGGRESSIVE;
				GCC_WARN_UNUSED_FUNCTION = YES;
				GCC_WARN_UNUSED_VARIABLE = YES;
				IPHONEOS_DEPLOYMENT_TARGET = 17.2;
				LOCALIZATION_PREFERS_STRING_CATALOGS = YES;
				MTL_ENABLE_DEBUG_INFO = NO;
				MTL_FAST_MATH = YES;
				SDKROOT = iphoneos;
				SWIFT_COMPILATION_MODE = wholemodule;
				VALIDATE_PRODUCT = YES;
			};
			name = Release;
		};
		346A7D4A2D4D069E00FA0948 /* Debug */ = {
			isa = XCBuildConfiguration;
			buildSettings = {
				ASSETCATALOG_COMPILER_APPICON_NAME = AppIcon;
				ASSETCATALOG_COMPILER_GLOBAL_ACCENT_COLOR_NAME = AccentColor;
				CODE_SIGN_STYLE = Automatic;
				CURRENT_PROJECT_VERSION = 1;
				DEVELOPMENT_ASSET_PATHS = "\"SleepyBell/Preview Content\"";
				DEVELOPMENT_TEAM = JXKBNB3B78;
				ENABLE_PREVIEWS = YES;
				GENERATE_INFOPLIST_FILE = YES;
				INFOPLIST_FILE = SleepyBell/Info.plist;
				INFOPLIST_KEY_UIApplicationSceneManifest_Generation = YES;
				INFOPLIST_KEY_UIApplicationSupportsIndirectInputEvents = YES;
				INFOPLIST_KEY_UILaunchScreen_Generation = YES;
				INFOPLIST_KEY_UISupportedInterfaceOrientations_iPad = "UIInterfaceOrientationPortrait UIInterfaceOrientationPortraitUpsideDown UIInterfaceOrientationLandscapeLeft UIInterfaceOrientationLandscapeRight";
				INFOPLIST_KEY_UISupportedInterfaceOrientations_iPhone = "UIInterfaceOrientationPortrait UIInterfaceOrientationLandscapeLeft UIInterfaceOrientationLandscapeRight";
				LD_RUNPATH_SEARCH_PATHS = (
					"$(inherited)",
					"@executable_path/Frameworks",
				);
				MARKETING_VERSION = 1.0;
				PRODUCT_BUNDLE_IDENTIFIER = joeyhammoth.SleepyBell;
				PRODUCT_NAME = "$(TARGET_NAME)";
				SWIFT_EMIT_LOC_STRINGS = YES;
				SWIFT_VERSION = 5.0;
				TARGETED_DEVICE_FAMILY = "1,2";
			};
			name = Debug;
		};
		346A7D4B2D4D069E00FA0948 /* Release */ = {
			isa = XCBuildConfiguration;
			buildSettings = {
				ASSETCATALOG_COMPILER_APPICON_NAME = AppIcon;
				ASSETCATALOG_COMPILER_GLOBAL_ACCENT_COLOR_NAME = AccentColor;
				CODE_SIGN_STYLE = Automatic;
				CURRENT_PROJECT_VERSION = 1;
				DEVELOPMENT_ASSET_PATHS = "\"SleepyBell/Preview Content\"";
				DEVELOPMENT_TEAM = JXKBNB3B78;
				ENABLE_PREVIEWS = YES;
				GENERATE_INFOPLIST_FILE = YES;
				INFOPLIST_FILE = SleepyBell/Info.plist;
				INFOPLIST_KEY_UIApplicationSceneManifest_Generation = YES;
				INFOPLIST_KEY_UIApplicationSupportsIndirectInputEvents = YES;
				INFOPLIST_KEY_UILaunchScreen_Generation = YES;
				INFOPLIST_KEY_UISupportedInterfaceOrientations_iPad = "UIInterfaceOrientationPortrait UIInterfaceOrientationPortraitUpsideDown UIInterfaceOrientationLandscapeLeft UIInterfaceOrientationLandscapeRight";
				INFOPLIST_KEY_UISupportedInterfaceOrientations_iPhone = "UIInterfaceOrientationPortrait UIInterfaceOrientationLandscapeLeft UIInterfaceOrientationLandscapeRight";
				LD_RUNPATH_SEARCH_PATHS = (
					"$(inherited)",
					"@executable_path/Frameworks",
				);
				MARKETING_VERSION = 1.0;
				PRODUCT_BUNDLE_IDENTIFIER = joeyhammoth.SleepyBell;
				PRODUCT_NAME = "$(TARGET_NAME)";
				SWIFT_EMIT_LOC_STRINGS = YES;
				SWIFT_VERSION = 5.0;
				TARGETED_DEVICE_FAMILY = "1,2";
			};
			name = Release;
		};
/* End XCBuildConfiguration section */

/* Begin XCConfigurationList section */
		346A7D362D4D069A00FA0948 /* Build configuration list for PBXProject "SleepyBell" */ = {
			isa = XCConfigurationList;
			buildConfigurations = (
				346A7D472D4D069E00FA0948 /* Debug */,
				346A7D482D4D069E00FA0948 /* Release */,
			);
			defaultConfigurationIsVisible = 0;
			defaultConfigurationName = Release;
		};
		346A7D492D4D069E00FA0948 /* Build configuration list for PBXNativeTarget "SleepyBell" */ = {
			isa = XCConfigurationList;
			buildConfigurations = (
				346A7D4A2D4D069E00FA0948 /* Debug */,
				346A7D4B2D4D069E00FA0948 /* Release */,
			);
			defaultConfigurationIsVisible = 0;
			defaultConfigurationName = Release;
		};
/* End XCConfigurationList section */

/* Begin XCRemoteSwiftPackageReference section */
		34A5DCAB2D4E9E5B00882C90 /* XCRemoteSwiftPackageReference "SwiftUI-Introspect" */ = {
			isa = XCRemoteSwiftPackageReference;
			repositoryURL = "https://github.com/siteline/SwiftUI-Introspect";
			requirement = {
				kind = upToNextMajorVersion;
				minimumVersion = 1.3.0;
			};
		};
/* End XCRemoteSwiftPackageReference section */

/* Begin XCSwiftPackageProductDependency section */
		34A5DCAC2D4E9E5B00882C90 /* SwiftUIIntrospect */ = {
			isa = XCSwiftPackageProductDependency;
			package = 34A5DCAB2D4E9E5B00882C90 /* XCRemoteSwiftPackageReference "SwiftUI-Introspect" */;
			productName = SwiftUIIntrospect;
		};
		34A5DCAE2D4EA3D500882C90 /* SwiftUIIntrospect */ = {
			isa = XCSwiftPackageProductDependency;
			package = 34A5DCAB2D4E9E5B00882C90 /* XCRemoteSwiftPackageReference "SwiftUI-Introspect" */;
			productName = SwiftUIIntrospect;
		};
/* End XCSwiftPackageProductDependency section */

/* Begin XCVersionGroup section */
		34AD846B2D4FED8F0081B262 /* Database.xcdatamodeld */ = {
			isa = XCVersionGroup;
			children = (
				34AD846C2D4FED8F0081B262 /* Database.xcdatamodel */,
			);
			currentVersion = 34AD846C2D4FED8F0081B262 /* Database.xcdatamodel */;
			path = Database.xcdatamodeld;
			sourceTree = "<group>";
			versionGroupType = wrapper.xcdatamodel;
		};
/* End XCVersionGroup section */
	};
	rootObject = 346A7D332D4D069A00FA0948 /* Project object */;
}
